// !$*UTF8*$!
{
	archiveVersion = 1;
	classes = {
	};
	objectVersion = 56;
	objects = {

/* Begin PBXBuildFile section */
		0780388C26FE8243673E5FA3 /* Pods_FinancialApp.framework in Frameworks */ = {isa = PBXBuildFile; fileRef = F7EAABB6E90FC187F8724C3F /* Pods_FinancialApp.framework */; };
		CE4EA7462A02D4A700D5822C /* SearchTableViewCell.swift in Sources */ = {isa = PBXBuildFile; fileRef = CE4EA7452A02D4A700D5822C /* SearchTableViewCell.swift */; };
		CE4EA7492A030A1200D5822C /* APIService.swift in Sources */ = {isa = PBXBuildFile; fileRef = CE4EA7482A030A1200D5822C /* APIService.swift */; };
		CEB86E282A00334D00CE3A48 /* AppDelegate.swift in Sources */ = {isa = PBXBuildFile; fileRef = CEB86E272A00334D00CE3A48 /* AppDelegate.swift */; };
		CEB86E2A2A00334D00CE3A48 /* SceneDelegate.swift in Sources */ = {isa = PBXBuildFile; fileRef = CEB86E292A00334D00CE3A48 /* SceneDelegate.swift */; };
		CEB86E2C2A00334D00CE3A48 /* SearchTableViewController.swift in Sources */ = {isa = PBXBuildFile; fileRef = CEB86E2B2A00334D00CE3A48 /* SearchTableViewController.swift */; };
		CEB86E2F2A00334D00CE3A48 /* Main.storyboard in Resources */ = {isa = PBXBuildFile; fileRef = CEB86E2D2A00334D00CE3A48 /* Main.storyboard */; };
		CEB86E322A00334D00CE3A48 /* FinancialApp.xcdatamodeld in Sources */ = {isa = PBXBuildFile; fileRef = CEB86E302A00334D00CE3A48 /* FinancialApp.xcdatamodeld */; };
		CEB86E342A00334E00CE3A48 /* Assets.xcassets in Resources */ = {isa = PBXBuildFile; fileRef = CEB86E332A00334E00CE3A48 /* Assets.xcassets */; };
		CEB86E372A00334E00CE3A48 /* LaunchScreen.storyboard in Resources */ = {isa = PBXBuildFile; fileRef = CEB86E352A00334E00CE3A48 /* LaunchScreen.storyboard */; };
/* End PBXBuildFile section */

/* Begin PBXFileReference section */
		66F8F2C7A2D1E7D24BC914B1 /* Pods-FinancialApp.release.xcconfig */ = {isa = PBXFileReference; includeInIndex = 1; lastKnownFileType = text.xcconfig; name = "Pods-FinancialApp.release.xcconfig"; path = "Target Support Files/Pods-FinancialApp/Pods-FinancialApp.release.xcconfig"; sourceTree = "<group>"; };
		CE4EA7452A02D4A700D5822C /* SearchTableViewCell.swift */ = {isa = PBXFileReference; lastKnownFileType = sourcecode.swift; path = SearchTableViewCell.swift; sourceTree = "<group>"; };
		CE4EA7482A030A1200D5822C /* APIService.swift */ = {isa = PBXFileReference; lastKnownFileType = sourcecode.swift; path = APIService.swift; sourceTree = "<group>"; };
		CEB86E242A00334D00CE3A48 /* FinancialApp.app */ = {isa = PBXFileReference; explicitFileType = wrapper.application; includeInIndex = 0; path = FinancialApp.app; sourceTree = BUILT_PRODUCTS_DIR; };
		CEB86E272A00334D00CE3A48 /* AppDelegate.swift */ = {isa = PBXFileReference; lastKnownFileType = sourcecode.swift; path = AppDelegate.swift; sourceTree = "<group>"; };
		CEB86E292A00334D00CE3A48 /* SceneDelegate.swift */ = {isa = PBXFileReference; lastKnownFileType = sourcecode.swift; path = SceneDelegate.swift; sourceTree = "<group>"; };
		CEB86E2B2A00334D00CE3A48 /* SearchTableViewController.swift */ = {isa = PBXFileReference; lastKnownFileType = sourcecode.swift; path = SearchTableViewController.swift; sourceTree = "<group>"; };
		CEB86E2E2A00334D00CE3A48 /* Base */ = {isa = PBXFileReference; lastKnownFileType = file.storyboard; name = Base; path = Base.lproj/Main.storyboard; sourceTree = "<group>"; };
		CEB86E312A00334D00CE3A48 /* FinancialApp.xcdatamodel */ = {isa = PBXFileReference; lastKnownFileType = wrapper.xcdatamodel; path = FinancialApp.xcdatamodel; sourceTree = "<group>"; };
		CEB86E332A00334E00CE3A48 /* Assets.xcassets */ = {isa = PBXFileReference; lastKnownFileType = folder.assetcatalog; path = Assets.xcassets; sourceTree = "<group>"; };
		CEB86E362A00334E00CE3A48 /* Base */ = {isa = PBXFileReference; lastKnownFileType = file.storyboard; name = Base; path = Base.lproj/LaunchScreen.storyboard; sourceTree = "<group>"; };
		CEB86E382A00334E00CE3A48 /* Info.plist */ = {isa = PBXFileReference; lastKnownFileType = text.plist.xml; path = Info.plist; sourceTree = "<group>"; };
		D7D71E8D26C8EB9623597A78 /* Pods-FinancialApp.debug.xcconfig */ = {isa = PBXFileReference; includeInIndex = 1; lastKnownFileType = text.xcconfig; name = "Pods-FinancialApp.debug.xcconfig"; path = "Target Support Files/Pods-FinancialApp/Pods-FinancialApp.debug.xcconfig"; sourceTree = "<group>"; };
		F7EAABB6E90FC187F8724C3F /* Pods_FinancialApp.framework */ = {isa = PBXFileReference; explicitFileType = wrapper.framework; includeInIndex = 0; path = Pods_FinancialApp.framework; sourceTree = BUILT_PRODUCTS_DIR; };
/* End PBXFileReference section */

/* Begin PBXFrameworksBuildPhase section */
		CEB86E212A00334D00CE3A48 /* Frameworks */ = {
			isa = PBXFrameworksBuildPhase;
			buildActionMask = 2147483647;
			files = (
				0780388C26FE8243673E5FA3 /* Pods_FinancialApp.framework in Frameworks */,
			);
			runOnlyForDeploymentPostprocessing = 0;
		};
/* End PBXFrameworksBuildPhase section */

/* Begin PBXGroup section */
		2DBBA302C7E388F142495B5D /* Pods */ = {
			isa = PBXGroup;
			children = (
				D7D71E8D26C8EB9623597A78 /* Pods-FinancialApp.debug.xcconfig */,
				66F8F2C7A2D1E7D24BC914B1 /* Pods-FinancialApp.release.xcconfig */,
			);
			path = Pods;
			sourceTree = "<group>";
		};
		87F6D581A4B82DCD9D518C15 /* Frameworks */ = {
			isa = PBXGroup;
			children = (
				F7EAABB6E90FC187F8724C3F /* Pods_FinancialApp.framework */,
			);
			name = Frameworks;
			sourceTree = "<group>";
		};
		CE4EA7432A02D48800D5822C /* Controller */ = {
			isa = PBXGroup;
			children = (
				CEB86E2B2A00334D00CE3A48 /* SearchTableViewController.swift */,
			);
			path = Controller;
			sourceTree = "<group>";
		};
		CE4EA7442A02D49200D5822C /* View */ = {
			isa = PBXGroup;
			children = (
				CE4EA7452A02D4A700D5822C /* SearchTableViewCell.swift */,
			);
			path = View;
			sourceTree = "<group>";
		};
		CE4EA7472A030A0200D5822C /* Service */ = {
			isa = PBXGroup;
			children = (
				CE4EA7482A030A1200D5822C /* APIService.swift */,
			);
			path = Service;
			sourceTree = "<group>";
		};
		CEB86E1B2A00334D00CE3A48 = {
			isa = PBXGroup;
			children = (
				CEB86E262A00334D00CE3A48 /* FinancialApp */,
				CEB86E252A00334D00CE3A48 /* Products */,
				2DBBA302C7E388F142495B5D /* Pods */,
				87F6D581A4B82DCD9D518C15 /* Frameworks */,
			);
			sourceTree = "<group>";
		};
		CEB86E252A00334D00CE3A48 /* Products */ = {
			isa = PBXGroup;
			children = (
				CEB86E242A00334D00CE3A48 /* FinancialApp.app */,
			);
			name = Products;
			sourceTree = "<group>";
		};
		CEB86E262A00334D00CE3A48 /* FinancialApp */ = {
			isa = PBXGroup;
			children = (
				CE4EA7472A030A0200D5822C /* Service */,
				CE4EA7442A02D49200D5822C /* View */,
				CE4EA7432A02D48800D5822C /* Controller */,
				CEB86E272A00334D00CE3A48 /* AppDelegate.swift */,
				CEB86E292A00334D00CE3A48 /* SceneDelegate.swift */,
				CEB86E2D2A00334D00CE3A48 /* Main.storyboard */,
				CEB86E332A00334E00CE3A48 /* Assets.xcassets */,
				CEB86E352A00334E00CE3A48 /* LaunchScreen.storyboard */,
				CEB86E382A00334E00CE3A48 /* Info.plist */,
				CEB86E302A00334D00CE3A48 /* FinancialApp.xcdatamodeld */,
			);
			path = FinancialApp;
			sourceTree = "<group>";
		};
/* End PBXGroup section */

/* Begin PBXNativeTarget section */
		CEB86E232A00334D00CE3A48 /* FinancialApp */ = {
			isa = PBXNativeTarget;
			buildConfigurationList = CEB86E3B2A00334E00CE3A48 /* Build configuration list for PBXNativeTarget "FinancialApp" */;
			buildPhases = (
				1314D5748DB8435DEC000DDA /* [CP] Check Pods Manifest.lock */,
				CEB86E202A00334D00CE3A48 /* Sources */,
				CEB86E212A00334D00CE3A48 /* Frameworks */,
				CEB86E222A00334D00CE3A48 /* Resources */,
				8298288926C00CF8564D1FAA /* [CP] Embed Pods Frameworks */,
			);
			buildRules = (
			);
			dependencies = (
			);
			name = FinancialApp;
			productName = FinancialApp;
			productReference = CEB86E242A00334D00CE3A48 /* FinancialApp.app */;
			productType = "com.apple.product-type.application";
		};
/* End PBXNativeTarget section */

/* Begin PBXProject section */
		CEB86E1C2A00334D00CE3A48 /* Project object */ = {
			isa = PBXProject;
			attributes = {
				BuildIndependentTargetsInParallel = 1;
				LastSwiftUpdateCheck = 1400;
				LastUpgradeCheck = 1400;
				TargetAttributes = {
					CEB86E232A00334D00CE3A48 = {
						CreatedOnToolsVersion = 14.0;
					};
				};
			};
			buildConfigurationList = CEB86E1F2A00334D00CE3A48 /* Build configuration list for PBXProject "FinancialApp" */;
			compatibilityVersion = "Xcode 14.0";
			developmentRegion = en;
			hasScannedForEncodings = 0;
			knownRegions = (
				en,
				Base,
			);
			mainGroup = CEB86E1B2A00334D00CE3A48;
			productRefGroup = CEB86E252A00334D00CE3A48 /* Products */;
			projectDirPath = "";
			projectRoot = "";
			targets = (
				CEB86E232A00334D00CE3A48 /* FinancialApp */,
			);
		};
/* End PBXProject section */

/* Begin PBXResourcesBuildPhase section */
		CEB86E222A00334D00CE3A48 /* Resources */ = {
			isa = PBXResourcesBuildPhase;
			buildActionMask = 2147483647;
			files = (
				CEB86E372A00334E00CE3A48 /* LaunchScreen.storyboard in Resources */,
				CEB86E342A00334E00CE3A48 /* Assets.xcassets in Resources */,
				CEB86E2F2A00334D00CE3A48 /* Main.storyboard in Resources */,
			);
			runOnlyForDeploymentPostprocessing = 0;
		};
/* End PBXResourcesBuildPhase section */

/* Begin PBXShellScriptBuildPhase section */
		1314D5748DB8435DEC000DDA /* [CP] Check Pods Manifest.lock */ = {
			isa = PBXShellScriptBuildPhase;
			buildActionMask = 2147483647;
			files = (
			);
			inputFileListPaths = (
			);
			inputPaths = (
				"${PODS_PODFILE_DIR_PATH}/Podfile.lock",
				"${PODS_ROOT}/Manifest.lock",
			);
			name = "[CP] Check Pods Manifest.lock";
			outputFileListPaths = (
			);
			outputPaths = (
				"$(DERIVED_FILE_DIR)/Pods-FinancialApp-checkManifestLockResult.txt",
			);
			runOnlyForDeploymentPostprocessing = 0;
			shellPath = /bin/sh;
			shellScript = "diff \"${PODS_PODFILE_DIR_PATH}/Podfile.lock\" \"${PODS_ROOT}/Manifest.lock\" > /dev/null\nif [ $? != 0 ] ; then\n    # print error to STDERR\n    echo \"error: The sandbox is not in sync with the Podfile.lock. Run 'pod install' or update your CocoaPods installation.\" >&2\n    exit 1\nfi\n# This output is used by Xcode 'outputs' to avoid re-running this script phase.\necho \"SUCCESS\" > \"${SCRIPT_OUTPUT_FILE_0}\"\n";
			showEnvVarsInLog = 0;
		};
		8298288926C00CF8564D1FAA /* [CP] Embed Pods Frameworks */ = {
			isa = PBXShellScriptBuildPhase;
			buildActionMask = 2147483647;
			files = (
			);
			inputFileListPaths = (
				"${PODS_ROOT}/Target Support Files/Pods-FinancialApp/Pods-FinancialApp-frameworks-${CONFIGURATION}-input-files.xcfilelist",
			);
			name = "[CP] Embed Pods Frameworks";
			outputFileListPaths = (
				"${PODS_ROOT}/Target Support Files/Pods-FinancialApp/Pods-FinancialApp-frameworks-${CONFIGURATION}-output-files.xcfilelist",
			);
			runOnlyForDeploymentPostprocessing = 0;
			shellPath = /bin/sh;
			shellScript = "\"${PODS_ROOT}/Target Support Files/Pods-FinancialApp/Pods-FinancialApp-frameworks.sh\"\n";
			showEnvVarsInLog = 0;
		};
/* End PBXShellScriptBuildPhase section */

/* Begin PBXSourcesBuildPhase section */
		CEB86E202A00334D00CE3A48 /* Sources */ = {
			isa = PBXSourcesBuildPhase;
			buildActionMask = 2147483647;
			files = (
				CEB86E2C2A00334D00CE3A48 /* SearchTableViewController.swift in Sources */,
				CEB86E282A00334D00CE3A48 /* AppDelegate.swift in Sources */,
				CEB86E2A2A00334D00CE3A48 /* SceneDelegate.swift in Sources */,
				CEB86E322A00334D00CE3A48 /* FinancialApp.xcdatamodeld in Sources */,
				CE4EA7492A030A1200D5822C /* APIService.swift in Sources */,
				CE4EA7462A02D4A700D5822C /* SearchTableViewCell.swift in Sources */,
			);
			runOnlyForDeploymentPostprocessing = 0;
		};
/* End PBXSourcesBuildPhase section */

/* Begin PBXVariantGroup section */
		CEB86E2D2A00334D00CE3A48 /* Main.storyboard */ = {
			isa = PBXVariantGroup;
			children = (
				CEB86E2E2A00334D00CE3A48 /* Base */,
			);
			name = Main.storyboard;
			sourceTree = "<group>";
		};
		CEB86E352A00334E00CE3A48 /* LaunchScreen.storyboard */ = {
			isa = PBXVariantGroup;
			children = (
				CEB86E362A00334E00CE3A48 /* Base */,
			);
			name = LaunchScreen.storyboard;
			sourceTree = "<group>";
		};
/* End PBXVariantGroup section */

/* Begin XCBuildConfiguration section */
		CEB86E392A00334E00CE3A48 /* Debug */ = {
			isa = XCBuildConfiguration;
			buildSettings = {
				ALWAYS_SEARCH_USER_PATHS = NO;
				CLANG_ANALYZER_NONNULL = YES;
				CLANG_ANALYZER_NUMBER_OBJECT_CONVERSION = YES_AGGRESSIVE;
				CLANG_CXX_LANGUAGE_STANDARD = "gnu++20";
				CLANG_ENABLE_MODULES = YES;
				CLANG_ENABLE_OBJC_ARC = YES;
				CLANG_ENABLE_OBJC_WEAK = YES;
				CLANG_WARN_BLOCK_CAPTURE_AUTORELEASING = YES;
				CLANG_WARN_BOOL_CONVERSION = YES;
				CLANG_WARN_COMMA = YES;
				CLANG_WARN_CONSTANT_CONVERSION = YES;
				CLANG_WARN_DEPRECATED_OBJC_IMPLEMENTATIONS = YES;
				CLANG_WARN_DIRECT_OBJC_ISA_USAGE = YES_ERROR;
				CLANG_WARN_DOCUMENTATION_COMMENTS = YES;
				CLANG_WARN_EMPTY_BODY = YES;
				CLANG_WARN_ENUM_CONVERSION = YES;
				CLANG_WARN_INFINITE_RECURSION = YES;
				CLANG_WARN_INT_CONVERSION = YES;
				CLANG_WARN_NON_LITERAL_NULL_CONVERSION = YES;
				CLANG_WARN_OBJC_IMPLICIT_RETAIN_SELF = YES;
				CLANG_WARN_OBJC_LITERAL_CONVERSION = YES;
				CLANG_WARN_OBJC_ROOT_CLASS = YES_ERROR;
				CLANG_WARN_QUOTED_INCLUDE_IN_FRAMEWORK_HEADER = YES;
				CLANG_WARN_RANGE_LOOP_ANALYSIS = YES;
				CLANG_WARN_STRICT_PROTOTYPES = YES;
				CLANG_WARN_SUSPICIOUS_MOVE = YES;
				CLANG_WARN_UNGUARDED_AVAILABILITY = YES_AGGRESSIVE;
				CLANG_WARN_UNREACHABLE_CODE = YES;
				CLANG_WARN__DUPLICATE_METHOD_MATCH = YES;
				COPY_PHASE_STRIP = NO;
				DEBUG_INFORMATION_FORMAT = dwarf;
				ENABLE_STRICT_OBJC_MSGSEND = YES;
				ENABLE_TESTABILITY = YES;
				GCC_C_LANGUAGE_STANDARD = gnu11;
				GCC_DYNAMIC_NO_PIC = NO;
				GCC_NO_COMMON_BLOCKS = YES;
				GCC_OPTIMIZATION_LEVEL = 0;
				GCC_PREPROCESSOR_DEFINITIONS = (
					"DEBUG=1",
					"$(inherited)",
				);
				GCC_WARN_64_TO_32_BIT_CONVERSION = YES;
				GCC_WARN_ABOUT_RETURN_TYPE = YES_ERROR;
				GCC_WARN_UNDECLARED_SELECTOR = YES;
				GCC_WARN_UNINITIALIZED_AUTOS = YES_AGGRESSIVE;
				GCC_WARN_UNUSED_FUNCTION = YES;
				GCC_WARN_UNUSED_VARIABLE = YES;
				IPHONEOS_DEPLOYMENT_TARGET = 16.0;
				MTL_ENABLE_DEBUG_INFO = INCLUDE_SOURCE;
				MTL_FAST_MATH = YES;
				ONLY_ACTIVE_ARCH = YES;
				SDKROOT = iphoneos;
				SWIFT_ACTIVE_COMPILATION_CONDITIONS = DEBUG;
				SWIFT_OPTIMIZATION_LEVEL = "-Onone";
			};
			name = Debug;
		};
		CEB86E3A2A00334E00CE3A48 /* Release */ = {
			isa = XCBuildConfiguration;
			buildSettings = {
				ALWAYS_SEARCH_USER_PATHS = NO;
				CLANG_ANALYZER_NONNULL = YES;
				CLANG_ANALYZER_NUMBER_OBJECT_CONVERSION = YES_AGGRESSIVE;
				CLANG_CXX_LANGUAGE_STANDARD = "gnu++20";
				CLANG_ENABLE_MODULES = YES;
				CLANG_ENABLE_OBJC_ARC = YES;
				CLANG_ENABLE_OBJC_WEAK = YES;
				CLANG_WARN_BLOCK_CAPTURE_AUTORELEASING = YES;
				CLANG_WARN_BOOL_CONVERSION = YES;
				CLANG_WARN_COMMA = YES;
				CLANG_WARN_CONSTANT_CONVERSION = YES;
				CLANG_WARN_DEPRECATED_OBJC_IMPLEMENTATIONS = YES;
				CLANG_WARN_DIRECT_OBJC_ISA_USAGE = YES_ERROR;
				CLANG_WARN_DOCUMENTATION_COMMENTS = YES;
				CLANG_WARN_EMPTY_BODY = YES;
				CLANG_WARN_ENUM_CONVERSION = YES;
				CLANG_WARN_INFINITE_RECURSION = YES;
				CLANG_WARN_INT_CONVERSION = YES;
				CLANG_WARN_NON_LITERAL_NULL_CONVERSION = YES;
				CLANG_WARN_OBJC_IMPLICIT_RETAIN_SELF = YES;
				CLANG_WARN_OBJC_LITERAL_CONVERSION = YES;
				CLANG_WARN_OBJC_ROOT_CLASS = YES_ERROR;
				CLANG_WARN_QUOTED_INCLUDE_IN_FRAMEWORK_HEADER = YES;
				CLANG_WARN_RANGE_LOOP_ANALYSIS = YES;
				CLANG_WARN_STRICT_PROTOTYPES = YES;
				CLANG_WARN_SUSPICIOUS_MOVE = YES;
				CLANG_WARN_UNGUARDED_AVAILABILITY = YES_AGGRESSIVE;
				CLANG_WARN_UNREACHABLE_CODE = YES;
				CLANG_WARN__DUPLICATE_METHOD_MATCH = YES;
				COPY_PHASE_STRIP = NO;
				DEBUG_INFORMATION_FORMAT = "dwarf-with-dsym";
				ENABLE_NS_ASSERTIONS = NO;
				ENABLE_STRICT_OBJC_MSGSEND = YES;
				GCC_C_LANGUAGE_STANDARD = gnu11;
				GCC_NO_COMMON_BLOCKS = YES;
				GCC_WARN_64_TO_32_BIT_CONVERSION = YES;
				GCC_WARN_ABOUT_RETURN_TYPE = YES_ERROR;
				GCC_WARN_UNDECLARED_SELECTOR = YES;
				GCC_WARN_UNINITIALIZED_AUTOS = YES_AGGRESSIVE;
				GCC_WARN_UNUSED_FUNCTION = YES;
				GCC_WARN_UNUSED_VARIABLE = YES;
				IPHONEOS_DEPLOYMENT_TARGET = 16.0;
				MTL_ENABLE_DEBUG_INFO = NO;
				MTL_FAST_MATH = YES;
				SDKROOT = iphoneos;
				SWIFT_COMPILATION_MODE = wholemodule;
				SWIFT_OPTIMIZATION_LEVEL = "-O";
				VALIDATE_PRODUCT = YES;
			};
			name = Release;
		};
		CEB86E3C2A00334E00CE3A48 /* Debug */ = {
			isa = XCBuildConfiguration;
			baseConfigurationReference = D7D71E8D26C8EB9623597A78 /* Pods-FinancialApp.debug.xcconfig */;
			buildSettings = {
				ASSETCATALOG_COMPILER_APPICON_NAME = AppIcon;
				ASSETCATALOG_COMPILER_GLOBAL_ACCENT_COLOR_NAME = AccentColor;
				CODE_SIGN_STYLE = Automatic;
				CURRENT_PROJECT_VERSION = 1;
				DEVELOPMENT_TEAM = J6M68LPML8;
				GENERATE_INFOPLIST_FILE = YES;
				INFOPLIST_FILE = FinancialApp/Info.plist;
				INFOPLIST_KEY_UIApplicationSupportsIndirectInputEvents = YES;
				INFOPLIST_KEY_UILaunchStoryboardName = LaunchScreen;
				INFOPLIST_KEY_UIMainStoryboardFile = Main;
				INFOPLIST_KEY_UISupportedInterfaceOrientations_iPad = "UIInterfaceOrientationPortrait UIInterfaceOrientationPortraitUpsideDown UIInterfaceOrientationLandscapeLeft UIInterfaceOrientationLandscapeRight";
				INFOPLIST_KEY_UISupportedInterfaceOrientations_iPhone = "UIInterfaceOrientationPortrait UIInterfaceOrientationLandscapeLeft UIInterfaceOrientationLandscapeRight";
				LD_RUNPATH_SEARCH_PATHS = (
					"$(inherited)",
					"@executable_path/Frameworks",
				);
				MARKETING_VERSION = 1.0;
				PRODUCT_BUNDLE_IDENTIFIER = com.mehmetsalihcakmak.FinancialApp;
				PRODUCT_NAME = "$(TARGET_NAME)";
				SUPPORTED_PLATFORMS = "iphoneos iphonesimulator";
				SUPPORTS_MACCATALYST = NO;
				SUPPORTS_MAC_DESIGNED_FOR_IPHONE_IPAD = NO;
				SWIFT_EMIT_LOC_STRINGS = YES;
				SWIFT_VERSION = 5.0;
				TARGETED_DEVICE_FAMILY = 1;
			};
			name = Debug;
		};
		CEB86E3D2A00334E00CE3A48 /* Release */ = {
			isa = XCBuildConfiguration;
			baseConfigurationReference = 66F8F2C7A2D1E7D24BC914B1 /* Pods-FinancialApp.release.xcconfig */;
			buildSettings = {
				ASSETCATALOG_COMPILER_APPICON_NAME = AppIcon;
				ASSETCATALOG_COMPILER_GLOBAL_ACCENT_COLOR_NAME = AccentColor;
				CODE_SIGN_STYLE = Automatic;
				CURRENT_PROJECT_VERSION = 1;
				DEVELOPMENT_TEAM = J6M68LPML8;
				GENERATE_INFOPLIST_FILE = YES;
				INFOPLIST_FILE = FinancialApp/Info.plist;
				INFOPLIST_KEY_UIApplicationSupportsIndirectInputEvents = YES;
				INFOPLIST_KEY_UILaunchStoryboardName = LaunchScreen;
				INFOPLIST_KEY_UIMainStoryboardFile = Main;
				INFOPLIST_KEY_UISupportedInterfaceOrientations_iPad = "UIInterfaceOrientationPortrait UIInterfaceOrientationPortraitUpsideDown UIInterfaceOrientationLandscapeLeft UIInterfaceOrientationLandscapeRight";
				INFOPLIST_KEY_UISupportedInterfaceOrientations_iPhone = "UIInterfaceOrientationPortrait UIInterfaceOrientationLandscapeLeft UIInterfaceOrientationLandscapeRight";
				LD_RUNPATH_SEARCH_PATHS = (
					"$(inherited)",
					"@executable_path/Frameworks",
				);
				MARKETING_VERSION = 1.0;
				PRODUCT_BUNDLE_IDENTIFIER = com.mehmetsalihcakmak.FinancialApp;
				PRODUCT_NAME = "$(TARGET_NAME)";
				SUPPORTED_PLATFORMS = "iphoneos iphonesimulator";
				SUPPORTS_MACCATALYST = NO;
				SUPPORTS_MAC_DESIGNED_FOR_IPHONE_IPAD = NO;
				SWIFT_EMIT_LOC_STRINGS = YES;
				SWIFT_VERSION = 5.0;
				TARGETED_DEVICE_FAMILY = 1;
			};
			name = Release;
		};
/* End XCBuildConfiguration section */

/* Begin XCConfigurationList section */
		CEB86E1F2A00334D00CE3A48 /* Build configuration list for PBXProject "FinancialApp" */ = {
			isa = XCConfigurationList;
			buildConfigurations = (
				CEB86E392A00334E00CE3A48 /* Debug */,
				CEB86E3A2A00334E00CE3A48 /* Release */,
			);
			defaultConfigurationIsVisible = 0;
			defaultConfigurationName = Release;
		};
		CEB86E3B2A00334E00CE3A48 /* Build configuration list for PBXNativeTarget "FinancialApp" */ = {
			isa = XCConfigurationList;
			buildConfigurations = (
				CEB86E3C2A00334E00CE3A48 /* Debug */,
				CEB86E3D2A00334E00CE3A48 /* Release */,
			);
			defaultConfigurationIsVisible = 0;
			defaultConfigurationName = Release;
		};
/* End XCConfigurationList section */

/* Begin XCVersionGroup section */
		CEB86E302A00334D00CE3A48 /* FinancialApp.xcdatamodeld */ = {
			isa = XCVersionGroup;
			children = (
				CEB86E312A00334D00CE3A48 /* FinancialApp.xcdatamodel */,
			);
			currentVersion = CEB86E312A00334D00CE3A48 /* FinancialApp.xcdatamodel */;
			path = FinancialApp.xcdatamodeld;
			sourceTree = "<group>";
			versionGroupType = wrapper.xcdatamodel;
		};
/* End XCVersionGroup section */
	};
	rootObject = CEB86E1C2A00334D00CE3A48 /* Project object */;
}
